{
  "nodes": {
    "catppuccin": {
      "inputs": {
        "nixpkgs": "nixpkgs"
      },
      "locked": {
        "lastModified": 1760468693,
        "narHash": "sha256-JtXWEvA09PLiBOcNws3eUa6WSj/j1aDc1isWXka6ctk=",
        "owner": "catppuccin",
        "repo": "nix",
        "rev": "2b289e5837767dd9239e4469d6ba69ca4f98038b",
        "type": "github"
      },
      "original": {
        "owner": "catppuccin",
        "repo": "nix",
        "type": "github"
      }
    },
    "flake-parts": {
      "inputs": {
        "nixpkgs-lib": [
          "nur",
          "nixpkgs"
        ]
      },
      "locked": {
        "lastModified": 1733312601,
        "narHash": "sha256-4pDvzqnegAfRkPwO3wmwBhVi/Sye1mzps0zHWYnP88c=",
        "owner": "hercules-ci",
        "repo": "flake-parts",
        "rev": "205b12d8b7cd4802fbcb8e8ef6a0f1408781a4f9",
        "type": "github"
      },
      "original": {
        "owner": "hercules-ci",
        "repo": "flake-parts",
        "type": "github"
      }
    },
    "home-manager": {
      "inputs": {
        "nixpkgs": [
          "nixpkgs"
        ]
      },
      "locked": {
        "lastModified": 1760500983,
        "narHash": "sha256-zfY4F4CpeUjTGgecIJZ+M7vFpwLc0Gm9epM/iMQd4w8=",
        "owner": "nix-community",
        "repo": "home-manager",
        "rev": "c53e65ec92f38d30e3c14f8d628ab55d462947aa",
        "type": "github"
      },
      "original": {
        "owner": "nix-community",
        "repo": "home-manager",
        "type": "github"
      }
    },
    "nix-flatpak": {
      "locked": {
        "lastModified": 1754777568,
        "narHash": "sha256-0bBqT+3XncgF8F03RFAamw9vdf0VmaDoIJLTGkjfQZs=",
        "owner": "gmodena",
        "repo": "nix-flatpak",
        "rev": "62f636b87ef6050760a8cb325cadb90674d1e23e",
        "type": "github"
      },
      "original": {
        "owner": "gmodena",
        "repo": "nix-flatpak",
        "type": "github"
      }
    },
    "nixpkgs": {
      "locked": {
        "lastModified": 1759831965,
        "narHash": "sha256-vgPm2xjOmKdZ0xKA6yLXPJpjOtQPHfaZDRtH+47XEBo=",
        "owner": "NixOS",
        "repo": "nixpkgs",
        "rev": "c9b6fb798541223bbb396d287d16f43520250518",
        "type": "github"
      },
      "original": {
        "owner": "NixOS",
        "ref": "nixos-unstable",
        "repo": "nixpkgs",
        "type": "github"
      }
    },
    "nixpkgs_2": {
      "locked": {
        "lastModified": 1760524057,
        "narHash": "sha256-EVAqOteLBFmd7pKkb0+FIUyzTF61VKi7YmvP1tw4nEw=",
        "owner": "nixos",
        "repo": "nixpkgs",
        "rev": "544961dfcce86422ba200ed9a0b00dd4b1486ec5",
        "type": "github"
      },
      "original": {
        "owner": "nixos",
        "ref": "nixos-unstable",
        "repo": "nixpkgs",
        "type": "github"
      }
    },
    "nur": {
      "inputs": {
        "flake-parts": "flake-parts",
        "nixpkgs": [
          "nixpkgs"
        ]
      },
      "locked": {
        "lastModified": 1760604894,
        "narHash": "sha256-MVdkcpDS8QPt7ssEgbtERyRbVYU8zVqlrfSuuCQIrDs=",
        "owner": "nix-community",
        "repo": "NUR",
        "rev": "237d87886aeee7dbc02f5214e351665341e19448",
        "type": "github"
      },
      "original": {
        "owner": "nix-community",
        "repo": "NUR",
        "type": "github"
      }
    },
    "root": {
      "inputs": {
        "catppuccin": "catppuccin",
        "home-manager": "home-manager",
        "nix-flatpak": "nix-flatpak",
        "nixpkgs": "nixpkgs_2",
        "nur": "nur"
      }
    }
  },
  "root": "root",
  "version": 7
}
